version = 1
revision = 3
requires-python = ">=3.11"

[[package]]
name = "colorama"
version = "0.4.6"
source = { registry = "https://pypi.org/simple" }
sdist = { url = "https://files.pythonhosted.org/packages/d8/53/6f443c9a4a8358a93a6792e2acffb9d9d5cb0a5cfd8802644b7b1c9a02e4/colorama-0.4.6.tar.gz", hash = "sha256:08695f5cb7ed6e0531a20572697297273c47b8cae5a63ffc6d6ed5c201be6e44", size = 27697, upload-time = "2022-10-25T02:36:22.414Z" }
wheels = [
    { url = "https://files.pythonhosted.org/packages/d1/d6/3965ed04c63042e047cb6a3e6ed1a63a35087b6a609aa3a15ed8ac56c221/colorama-0.4.6-py2.py3-none-any.whl", hash = "sha256:4f1d9991f5acc0ca119f9d443620b77f9d6b33703e51011c16baf57afb285fc6", size = 25335, upload-time = "2022-10-25T02:36:20.889Z" },
]

[[package]]
name = "iniconfig"
version = "2.3.0"
source = { registry = "https://pypi.org/simple" }
sdist = { url = "https://files.pythonhosted.org/packages/72/34/14ca021ce8e5dfedc35312d08ba8bf51fdd999c576889fc2c24cb97f4f10/iniconfig-2.3.0.tar.gz", hash = "sha256:c76315c77db068650d49c5b56314774a7804df16fee4402c1f19d6d15d8c4730", size = 20503, upload-time = "2025-10-18T21:55:43.219Z" }
wheels = [
    { url = "https://files.pythonhosted.org/packages/cb/b1/3846dd7f199d53cb17f49cba7e651e9ce294d8497c8c150530ed11865bb8/iniconfig-2.3.0-py3-none-any.whl", hash = "sha256:f631c04d2c48c52b84d0d0549c99ff3859c98df65b3101406327ecc7d53fbf12", size = 7484, upload-time = "2025-10-18T21:55:41.639Z" },
]

[[package]]
name = "packaging"
version = "26.1"
source = { registry = "https://pypi.org/simple" }
sdist = { url = "https://files.pythonhosted.org/packages/df/de/0d2b39fb4af88a0258f3bac87dfcbb48e73fbdea4a2ed0e2213f9a4c2f9a/packaging-26.1.tar.gz", hash = "sha256:f042152b681c4bfac5cae2742a55e103d27ab2ec0f3d88037136b6bfe7c9c5de", size = 215519, upload-time = "2026-04-14T21:12:49.362Z" }
wheels = [
    { url = "https://files.pythonhosted.org/packages/7a/c2/920ef838e2f0028c8262f16101ec09ebd5969864e5a64c4c05fad0617c56/packaging-26.1-py3-none-any.whl", hash = "sha256:5d9c0669c6285e491e0ced2eee587eaf67b670d94a19e94e3984a481aba6802f", size = 95831, upload-time = "2026-04-14T21:12:47.56Z" },
]

[[package]]
name = "pluggy"
version = "1.6.0"
source = { registry = "https://pypi.org/simple" }
sdist = { url = "https://files.pythonhosted.org/packages/f9/e2/3e91f31a7d2b083fe6ef3fa267035b518369d9511ffab804f839851d2779/pluggy-1.6.0.tar.gz", hash = "sha256:7dcc130b76258d33b90f61b658791dede3486c3e6bfb003ee5c9bfb396dd22f3", size = 69412, upload-time = "2025-05-15T12:30:07.975Z" }
wheels = [
    { url = "https://files.pythonhosted.org/packages/54/20/4d324d65cc6d9205fabedc306948156824eb9f0ee1633355a8f7ec5c66bf/pluggy-1.6.0-py3-none-any.whl", hash = "sha256:e920276dd6813095e9377c0bc5566d94c932c33b27a3e3945d8389c374dd4746", size = 20538, upload-time = "2025-05-15T12:30:06.134Z" },
]

[[package]]
name = "pygments"
version = "2.20.0"
source = { registry = "https://pypi.org/simple" }
sdist = { url = "https://files.pythonhosted.org/packages/c3/b2/bc9c9196916376152d655522fdcebac55e66de6603a76a02bca1b6414f6c/pygments-2.20.0.tar.gz", hash = "sha256:6757cd03768053ff99f3039c1a36d6c0aa0b263438fcab17520b30a303a82b5f", size = 4955991, upload-time = "2026-03-29T13:29:33.898Z" }
wheels = [
    { url = "https://files.pythonhosted.org/packages/f4/7e/a72dd26f3b0f4f2bf1dd8923c85f7ceb43172af56d63c7383eb62b332364/pygments-2.20.0-py3-none-any.whl", hash = "sha256:81a9e26dd42fd28a23a2d169d86d7ac03b46e2f8b59ed4698fb4785f946d0176", size = 1231151, upload-time = "2026-03-29T13:29:30.038Z" },
]

[[package]]
name = "pytest"
version = "9.0.3"
source = { registry = "https://pypi.org/simple" }
dependencies = [
    { name = "colorama", marker = "sys_platform == 'win32'" },
    { name = "iniconfig" },
    { name = "packaging" },
    { name = "pluggy" },
    { name = "pygments" },
]
sdist = { url = "https://files.pythonhosted.org/packages/7d/0d/549bd94f1a0a402dc8cf64563a117c0f3765662e2e668477624baeec44d5/pytest-9.0.3.tar.gz", hash = "sha256:b86ada508af81d19edeb213c681b1d48246c1a91d304c6c81a427674c17eb91c", size = 1572165, upload-time = "2026-04-07T17:16:18.027Z" }
wheels = [
    { url = "https://files.pythonhosted.org/packages/d4/24/a372aaf5c9b7208e7112038812994107bc65a84cd00e0354a88c2c77a617/pytest-9.0.3-py3-none-any.whl", hash = "sha256:2c5efc453d45394fdd706ade797c0a81091eccd1d6e4bccfcd476e2b8e0ab5d9", size = 375249, upload-time = "2026-04-07T17:16:16.13Z" },
]

[[package]]
name = "ruff"
version = "0.15.11"
source = { registry = "https://pypi.org/simple" }
sdist = { url = "https://files.pythonhosted.org/packages/e4/8d/192f3d7103816158dfd5ea50d098ef2aec19194e6cbccd4b3485bdb2eb2d/ruff-0.15.11.tar.gz", hash = "sha256:f092b21708bf0e7437ce9ada249dfe688ff9a0954fc94abab05dcea7dcd29c33", size = 4637264, upload-time = "2026-04-16T18:46:26.58Z" }
wheels = [
    { url = "https://files.pythonhosted.org/packages/02/1e/6aca3427f751295ab011828e15e9bf452200ac74484f1db4be0197b8170b/ruff-0.15.11-py3-none-linux_armv6l.whl", hash = "sha256:e927cfff503135c558eb581a0c9792264aae9507904eb27809cdcff2f2c847b7", size = 10607943, upload-time = "2026-04-16T18:46:05.967Z" },
    { url = "https://files.pythonhosted.org/packages/e7/26/1341c262e74f36d4e84f3d6f4df0ac68cd53331a66bfc5080daa17c84c0b/ruff-0.15.11-py3-none-macosx_10_12_x86_64.whl", hash = "sha256:7a1b5b2938d8f890b76084d4fa843604d787a912541eae85fd7e233398bbb73e", size = 10988592, upload-time = "2026-04-16T18:46:00.742Z" },
    { url = "https://files.pythonhosted.org/packages/03/71/850b1d6ffa9564fbb6740429bad53df1094082fe515c8c1e74b6d8d05f18/ruff-0.15.11-py3-none-macosx_11_0_arm64.whl", hash = "sha256:d4176f3d194afbdaee6e41b9ccb1a2c287dba8700047df474abfbe773825d1cb", size = 10338501, upload-time = "2026-04-16T18:46:03.723Z" },
    { url = "https://files.pythonhosted.org/packages/f2/11/cc1284d3e298c45a817a6aadb6c3e1d70b45c9b36d8d9cce3387b495a03a/ruff-0.15.11-py3-none-manylinux_2_17_aarch64.manylinux2014_aarch64.whl", hash = "sha256:3b17c886fb88203ced3afe7f14e8d5ae96e9d2f4ccc0ee66aa19f2c2675a27e4", size = 10670693, upload-time = "2026-04-16T18:46:41.941Z" },
    { url = "https://files.pythonhosted.org/packages/ce/9e/f8288b034ab72b371513c13f9a41d9ba3effac54e24bfb467b007daee2ca/ruff-0.15.11-py3-none-manylinux_2_17_armv7l.manylinux2014_armv7l.whl", hash = "sha256:49fafa220220afe7758a487b048de4c8f9f767f37dfefad46b9dd06759d003eb", size = 10416177, upload-time = "2026-04-16T18:46:21.717Z" },
    { url = "https://files.pythonhosted.org/packages/85/71/504d79abfd3d92532ba6bbe3d1c19fada03e494332a59e37c7c2dabae427/ruff-0.15.11-py3-none-manylinux_2_17_i686.manylinux2014_i686.whl", hash = "sha256:f2ab8427e74a00d93b8bda1307b1e60970d40f304af38bccb218e056c220120d", size = 11221886, upload-time = "2026-04-16T18:46:15.086Z" },
    { url = "https://files.pythonhosted.org/packages/43/5a/947e6ab7a5ad603d65b474be15a4cbc6d29832db5d762cd142e4e3a74164/ruff-0.15.11-py3-none-manylinux_2_17_ppc64le.manylinux2014_ppc64le.whl", hash = "sha256:195072c0c8e1fc8f940652073df082e37a5d9cb43b4ab1e4d0566ab8977a13b7", size = 12075183, upload-time = "2026-04-16T18:46:07.944Z" },
    { url = "https://files.pythonhosted.org/packages/9f/a1/0b7bb6268775fdd3a0818aee8efd8f5b4e231d24dd4d528ced2534023182/ruff-0.15.11-py3-none-manylinux_2_17_s390x.manylinux2014_s390x.whl", hash = "sha256:a3a0996d486af3920dec930a2e7daed4847dfc12649b537a9335585ada163e9e", size = 11516575, upload-time = "2026-04-16T18:46:31.687Z" },
    { url = "https://files.pythonhosted.org/packages/30/c3/bb5168fc4d233cc06e95f482770d0f3c87945a0cd9f614b90ea8dc2f2833/ruff-0.15.11-py3-none-manylinux_2_17_x86_64.manylinux2014_x86_64.whl", hash = "sha256:1bef2cb556d509259f1fe440bb9cd33c756222cf0a7afe90d15edf0866702431", size = 11306537, upload-time = "2026-04-16T18:46:36.988Z" },
    { url = "https://files.pythonhosted.org/packages/e4/92/4cfae6441f3967317946f3b788136eecf093729b94d6561f963ed810c82e/ruff-0.15.11-py3-none-manylinux_2_31_riscv64.whl", hash = "sha256:030d921a836d7d4a12cf6e8d984a88b66094ccb0e0f17ddd55067c331191bf19", size = 11296813, upload-time = "2026-04-16T18:46:24.182Z" },
    { url = "https://files.pythonhosted.org/packages/43/26/972784c5dde8313acde8ac71ba8ac65475b85db4a2352a76c9934361f9bc/ruff-0.15.11-py3-none-musllinux_1_2_aarch64.whl", hash = "sha256:0e783b599b4577788dbbb66b9addcef87e9a8832f4ce0c19e34bf55543a2f890", size = 10633136, upload-time = "2026-04-16T18:46:39.802Z" },
    { url = "https://files.pythonhosted.org/packages/5b/53/3985a4f185020c2f367f2e08a103032e12564829742a1b417980ce1514a0/ruff-0.15.11-py3-none-musllinux_1_2_armv7l.whl", hash = "sha256:ae90592246625ba4a34349d68ec28d4400d75182b71baa196ddb9f82db025ef5", size = 10424701, upload-time = "2026-04-16T18:46:10.381Z" },
    { url = "https://files.pythonhosted.org/packages/d3/57/bf0dfb32241b56c83bb663a826133da4bf17f682ba8c096973065f6e6a68/ruff-0.15.11-py3-none-musllinux_1_2_i686.whl", hash = "sha256:1f111d62e3c983ed20e0ca2e800f8d77433a5b1161947df99a5c2a3fb60514f0", size = 10873887, upload-time = "2026-04-16T18:46:29.157Z" },
    { url = "https://files.pythonhosted.org/packages/02/05/e48076b2a57dc33ee8c7a957296f97c744ca891a8ffb4ffb1aaa3b3f517d/ruff-0.15.11-py3-none-musllinux_1_2_x86_64.whl", hash = "sha256:06f483d6646f59eaffba9ae30956370d3a886625f511a3108994000480621d1c", size = 11404316, upload-time = "2026-04-16T18:46:19.462Z" },
    { url = "https://files.pythonhosted.org/packages/88/27/0195d15fe7a897cbcba0904792c4b7c9fdd958456c3a17d2ea6093716a9a/ruff-0.15.11-py3-none-win32.whl", hash = "sha256:476a2aa56b7da0b73a3ee80b6b2f0e19cce544245479adde7baa65466664d5f3", size = 10655535, upload-time = "2026-04-16T18:46:12.47Z" },
    { url = "https://files.pythonhosted.org/packages/3a/5e/c927b325bd4c1d3620211a4b96f47864633199feed60fa936025ab27e090/ruff-0.15.11-py3-none-win_amd64.whl", hash = "sha256:8b6756d88d7e234fb0c98c91511aae3cd519d5e3ed271cae31b20f39cb2a12a3", size = 11779692, upload-time = "2026-04-16T18:46:17.268Z" },
    { url = "https://files.pythonhosted.org/packages/63/b6/aeadee5443e49baa2facd51131159fd6301cc4ccfc1541e4df7b021c37dd/ruff-0.15.11-py3-none-win_arm64.whl", hash = "sha256:063fed18cc1bbe0ee7393957284a6fe8b588c6a406a285af3ee3f46da2391ee4", size = 11032614, upload-time = "2026-04-16T18:46:34.487Z" },
]

[[package]]
name = "shelxfile"
source = { editable = "." }

[package.dev-dependencies]
dev = [
    { name = "pytest" },
    { name = "ruff" },
    { name = "ty" },
]

[package.metadata]

[package.metadata.requires-dev]
dev = [
    { name = "pytest" },
    { name = "ruff" },
    { name = "ty" },
]

[[package]]
name = "ty"
version = "0.0.31"
source = { registry = "https://pypi.org/simple" }
sdist = { url = "https://files.pythonhosted.org/packages/31/cc/5ea5d3a72216c8c2bf77d83066dd4f3553532d0aacc03d4a8397dd9845e1/ty-0.0.31.tar.gz", hash = "sha256:4a4094292d9671caf3b510c7edf36991acd9c962bb5d97205374ffed9f541c45", size = 5516619, upload-time = "2026-04-15T15:47:59.87Z" }
wheels = [
    { url = "https://files.pythonhosted.org/packages/b0/10/ea805cbbd75d5d50792551a2b383de8521eeab0c44f38c73e12819ced65e/ty-0.0.31-py3-none-linux_armv6l.whl", hash = "sha256:761651dc17ad7bc0abfc1b04b3f0e84df263ed435d34f29760b3da739ab02d35", size = 10834749, upload-time = "2026-04-15T15:48:14.877Z" },
    { url = "https://files.pythonhosted.org/packages/d9/4c/fabf951850401d24d36b21bced088a366c6827e1c37dab4523afff84c4b2/ty-0.0.31-py3-none-macosx_10_12_x86_64.whl", hash = "sha256:c529922395a07231c27488f0290651e05d27d149f7e0aa807678f1f7e9c58a5e", size = 10626012, upload-time = "2026-04-15T15:48:22.554Z" },
    { url = "https://files.pythonhosted.org/packages/04/b0/4a5aff88d2544f19514a59c8f693d63144aa7307fe2ee5df608333ab5460/ty-0.0.31-py3-none-macosx_11_0_arm64.whl", hash = "sha256:5f345df2b87d747859e72c2cbc9be607ea1bbc8bc93dd32fa3d03ea091cb4fee", size = 10075790, upload-time = "2026-04-15T15:47:46.959Z" },
    { url = "https://files.pythonhosted.org/packages/d5/73/9d4dcad12cd4e85274014f2c0510ef93f590b2a1e5148de3a9f276098dad/ty-0.0.31-py3-none-manylinux_2_17_aarch64.manylinux2014_aarch64.whl", hash = "sha256:d4b207eddcfbafd376132689d3435b14efcb531289cb59cd961c6a611133bd54", size = 10590286, upload-time = "2026-04-15T15:48:06.222Z" },
    { url = "https://files.pythonhosted.org/packages/47/45/fe40adde18692359ded174ae7ddbfac056e876eb0f43b65be74fde7f6072/ty-0.0.31-py3-none-manylinux_2_17_armv7l.manylinux2014_armv7l.whl", hash = "sha256:663778b220f357067488ce68bfc52335ccbd161549776f70dcbde6bbde82f77a", size = 10623824, upload-time = "2026-04-15T15:48:12.965Z" },
    { url = "https://files.pythonhosted.org/packages/2e/e8/0ffa2e09b548e6daa9ebc368d68b767dc2405ca4cbeadb7ede0e2cb21059/ty-0.0.31-py3-none-manylinux_2_17_i686.manylinux2014_i686.whl", hash = "sha256:3506cfe87dfade0fb2960dd4fffd4fd8089003587b3445c0a1a295c9d83764fb", size = 11156864, upload-time = "2026-04-15T15:48:08.473Z" },
    { url = "https://files.pythonhosted.org/packages/08/e9/fd44c2075115d569593ee9473d7e2a38b750fd7e783421c95eb528c15df5/ty-0.0.31-py3-none-manylinux_2_17_ppc64le.manylinux2014_ppc64le.whl", hash = "sha256:8b3f3d8492f08e81916026354c1d1599e9ddfa1241804141a74d5662fc710085", size = 11696401, upload-time = "2026-04-15T15:48:17.355Z" },
    { url = "https://files.pythonhosted.org/packages/4e/50/35aad8eadf964d23e2a4faa5b38a206aa85c78833c8ce335dddd2c34ba63/ty-0.0.31-py3-none-manylinux_2_17_s390x.manylinux2014_s390x.whl", hash = "sha256:a97de32ee6a619393a4c495e056a1c547de7877510f3152e61345c71d774d2d0", size = 11374903, upload-time = "2026-04-15T15:47:55.893Z" },
    { url = "https://files.pythonhosted.org/packages/c8/37/01eccd25d23f5aaa7f7ff1a87b5b215469f6b202cf689a1812b71c1e7f6b/ty-0.0.31-py3-none-manylinux_2_17_x86_64.manylinux2014_x86_64.whl", hash = "sha256:c906354ce441e342646582bc9b8f48a676f79f3d061e25de15ff870e015ca14e", size = 11206624, upload-time = "2026-04-15T15:47:51.778Z" },
    { url = "https://files.pythonhosted.org/packages/f4/70/baad2914cb097453f127a221f8addb2b41926098059cd773c75e6a662fc4/ty-0.0.31-py3-none-musllinux_1_2_aarch64.whl", hash = "sha256:275bb7c82afcbf89fe2dbef1b2692f2bc98451f1ee2c8eb809ddd91317822388", size = 10575089, upload-time = "2026-04-15T15:47:49.448Z" },
    { url = "https://files.pythonhosted.org/packages/83/12/bae3a7bba2e785eb72ce00f9da70eedcb8c5e8299efecbd16e6e436abd82/ty-0.0.31-py3-none-musllinux_1_2_armv7l.whl", hash = "sha256:405da247027c6efd1e264886b6ac4a86ab3a4f09200b02e33630efe85f119e53", size = 10642315, upload-time = "2026-04-15T15:48:19.661Z" },
    { url = "https://files.pythonhosted.org/packages/93/9e/cad04d5d839bc60355cea98c7e09d724ea65f47184def0fae8b90dc54591/ty-0.0.31-py3-none-musllinux_1_2_i686.whl", hash = "sha256:54d9835608eed196853d6643f645c50ce83bcc7fe546cdb3e210c1bcf7c58c09", size = 10834473, upload-time = "2026-04-15T15:48:02.091Z" },
    { url = "https://files.pythonhosted.org/packages/e3/ba/84112d280182d37690d3d2b4018b2667e42bc281585e607015635310016a/ty-0.0.31-py3-none-musllinux_1_2_x86_64.whl", hash = "sha256:5ee11be9b07e8c0c6b455ff075a0abe4f194de9476f57624db98eec9df618355", size = 11315785, upload-time = "2026-04-15T15:48:10.754Z" },
    { url = "https://files.pythonhosted.org/packages/50/9f/ac42dc223d7e0950e97a1854567a8b3e7fe09ad7375adbf91bfb43290482/ty-0.0.31-py3-none-win32.whl", hash = "sha256:7286587aacf3eef0956062d6492b893b02f82b0f22c5e230008e13ff0d216a8b", size = 10187657, upload-time = "2026-04-15T15:48:04.264Z" },
    { url = "https://files.pythonhosted.org/packages/75/3e/57ba7ea7ecb2f4751644ba91756e2be70e33ef5952c0c41a256a0e4c2437/ty-0.0.31-py3-none-win_amd64.whl", hash = "sha256:81134e25d2a2562ab372f24de8f9bd05034d27d30377a5d7540f259791c6234c", size = 11205258, upload-time = "2026-04-15T15:47:53.759Z" },
    { url = "https://files.pythonhosted.org/packages/88/39/bca669095ccf0a400af941fdf741578d4c2d6719f1b7f10e6dbec10aa862/ty-0.0.31-py3-none-win_arm64.whl", hash = "sha256:e9cb15fad26545c6a608f40f227af3a5513cb376998ca6feddd47ca7d93ffafa", size = 10590392, upload-time = "2026-04-15T15:47:57.968Z" },
]
